{
  "version": 4,
  "terraform_version": "1.14.2",
  "serial": 30,
  "lineage": "0b01375d-22e0-3ac2-2893-2e5d944457cd",
  "outputs": {},
  "resources": [
    {
      "module": "module.terraform_bootstrap",
      "mode": "data",
      "type": "aws_caller_identity",
      "name": "current",
      "provider": "provider[\"registry.terraform.io/hashicorp/aws\"]",
      "instances": [
        {
          "schema_version": 0,
          "attributes": {
            "account_id": "597106394031",
            "arn": "arn:aws:iam::597106394031:root",
            "id": "597106394031",
            "user_id": "597106394031"
          },
          "sensitive_attributes": [],
          "identity_schema_version": 0
        }
      ]
    },
    {
      "module": "module.terraform_bootstrap",
      "mode": "managed",
      "type": "aws_dynamodb_table",
      "name": "terraform_locks",
      "provider": "provider[\"registry.terraform.io/hashicorp/aws\"]",
      "instances": [
        {
          "schema_version": 1,
          "attributes": {
            "arn": "arn:aws:dynamodb:us-east-1:597106394031:table/playground-terraform-locks-597106394031",
            "attribute": [
              {
                "name": "LockID",
                "type": "S"
              }
            ],
            "billing_mode": "PAY_PER_REQUEST",
            "deletion_protection_enabled": false,
            "global_secondary_index": [],
            "global_table_witness": [],
            "hash_key": "LockID",
            "id": "playground-terraform-locks-597106394031",
            "import_table": [],
            "local_secondary_index": [],
            "name": "playground-terraform-locks-597106394031",
            "on_demand_throughput": [],
            "point_in_time_recovery": [
              {
                "enabled": false,
                "recovery_period_in_days": 0
              }
            ],
            "range_key": null,
            "read_capacity": 0,
            "region": "us-east-1",
            "replica": [],
            "restore_date_time": null,
            "restore_source_name": null,
            "restore_source_table_arn": null,
            "restore_to_latest_time": null,
            "server_side_encryption": [],
            "stream_arn": "",
            "stream_enabled": false,
            "stream_label": "",
            "stream_view_type": "",
            "table_class": "STANDARD",
            "tags": null,
            "tags_all": {
              "GithubRepo": "playground",
              "Module": "bootstrap-infra"
            },
            "timeouts": null,
            "ttl": [
              {
                "attribute_name": "",
                "enabled": false
              }
            ],
            "warm_throughput": [],
            "write_capacity": 0
          },
          "sensitive_attributes": [],
          "identity_schema_version": 0,
          "private": "eyJlMmJmYjczMC1lY2FhLTExZTYtOGY4OC0zNDM2M2JjN2M0YzAiOnsiY3JlYXRlIjoxODAwMDAwMDAwMDAwLCJkZWxldGUiOjYwMDAwMDAwMDAwMCwidXBkYXRlIjozNjAwMDAwMDAwMDAwfSwic2NoZW1hX3ZlcnNpb24iOiIxIn0=",
          "dependencies": [
            "module.terraform_bootstrap.data.aws_caller_identity.current"
          ]
        }
      ]
    },
    {
      "module": "module.terraform_bootstrap",
      "mode": "managed",
      "type": "aws_kms_alias",
      "name": "key-alias",
      "provider": "provider[\"registry.terraform.io/hashicorp/aws\"]",
      "instances": [
        {
          "schema_version": 0,
          "attributes": {
            "arn": "arn:aws:kms:us-east-1:597106394031:alias/playground-terraform-bucket-key",
            "id": "alias/playground-terraform-bucket-key",
            "name": "alias/playground-terraform-bucket-key",
            "name_prefix": "",
            "region": "us-east-1",
            "target_key_arn": "arn:aws:kms:us-east-1:597106394031:key/bfe1b603-4546-4498-b29f-387a92f2079b",
            "target_key_id": "bfe1b603-4546-4498-b29f-387a92f2079b"
          },
          "sensitive_attributes": [],
          "identity_schema_version": 0,
          "identity": {
            "account_id": "597106394031",
            "name": "alias/playground-terraform-bucket-key",
            "region": "us-east-1"
          },
          "private": "bnVsbA==",
          "dependencies": [
            "module.terraform_bootstrap.aws_kms_key.terraform_bucket_key"
          ]
        }
      ]
    },
    {
      "module": "module.terraform_bootstrap",
      "mode": "managed",
      "type": "aws_kms_key",
      "name": "terraform_bucket_key",
      "provider": "provider[\"registry.terraform.io/hashicorp/aws\"]",
      "instances": [
        {
          "schema_version": 0,
          "attributes": {
            "arn": "arn:aws:kms:us-east-1:597106394031:key/bfe1b603-4546-4498-b29f-387a92f2079b",
            "bypass_policy_lockout_safety_check": false,
            "custom_key_store_id": "",
            "customer_master_key_spec": "SYMMETRIC_DEFAULT",
            "deletion_window_in_days": 10,
            "description": "This key is used to encrypt playground tf state bucket objects",
            "enable_key_rotation": true,
            "id": "bfe1b603-4546-4498-b29f-387a92f2079b",
            "is_enabled": true,
            "key_id": "bfe1b603-4546-4498-b29f-387a92f2079b",
            "key_usage": "ENCRYPT_DECRYPT",
            "multi_region": false,
            "policy": "{\"Id\":\"key-default-1\",\"Statement\":[{\"Action\":\"kms:*\",\"Effect\":\"Allow\",\"Principal\":{\"AWS\":\"arn:aws:iam::597106394031:root\"},\"Resource\":\"*\",\"Sid\":\"Enable IAM User Permissions\"}],\"Version\":\"2012-10-17\"}",
            "region": "us-east-1",
            "rotation_period_in_days": 365,
            "tags": null,
            "tags_all": {
              "GithubRepo": "playground",
              "Module": "bootstrap-infra"
            },
            "timeouts": null,
            "xks_key_id": ""
          },
          "sensitive_attributes": [],
          "identity_schema_version": 0,
          "identity": {
            "account_id": "597106394031",
            "id": "bfe1b603-4546-4498-b29f-387a92f2079b",
            "region": "us-east-1"
          },
          "private": "eyJlMmJmYjczMC1lY2FhLTExZTYtOGY4OC0zNDM2M2JjN2M0YzAiOnsiY3JlYXRlIjoxMjAwMDAwMDAwMDB9fQ=="
        }
      ]
    },
    {
      "module": "module.terraform_bootstrap",
      "mode": "managed",
      "type": "aws_s3_bucket",
      "name": "terraform_bucket",
      "provider": "provider[\"registry.terraform.io/hashicorp/aws\"]",
      "instances": [
        {
          "schema_version": 0,
          "attributes": {
            "acceleration_status": "",
            "acl": null,
            "arn": "arn:aws:s3:::playground-terraform-state-597106394031-us-east-1",
            "bucket": "playground-terraform-state-597106394031-us-east-1",
            "bucket_domain_name": "playground-terraform-state-597106394031-us-east-1.s3.amazonaws.com",
            "bucket_prefix": "",
            "bucket_region": "us-east-1",
            "bucket_regional_domain_name": "playground-terraform-state-597106394031-us-east-1.s3.us-east-1.amazonaws.com",
            "cors_rule": [],
            "force_destroy": false,
            "grant": [
              {
                "id": "0f5eaa4087e261be3abe9781fdcac543c525436ec9e9dff74fa99a66c61b8a0a",
                "permissions": [
                  "FULL_CONTROL"
                ],
                "type": "CanonicalUser",
                "uri": ""
              }
            ],
            "hosted_zone_id": "Z3AQBSTGFYJSTF",
            "id": "playground-terraform-state-597106394031-us-east-1",
            "lifecycle_rule": [],
            "logging": [],
            "object_lock_configuration": [],
            "object_lock_enabled": false,
            "policy": "",
            "region": "us-east-1",
            "replication_configuration": [],
            "request_payer": "BucketOwner",
            "server_side_encryption_configuration": [
              {
                "rule": [
                  {
                    "apply_server_side_encryption_by_default": [
                      {
                        "kms_master_key_id": "",
                        "sse_algorithm": "AES256"
                      }
                    ],
                    "bucket_key_enabled": false
                  }
                ]
              }
            ],
            "tags": null,
            "tags_all": {
              "GithubRepo": "playground",
              "Module": "bootstrap-infra"
            },
            "timeouts": null,
            "versioning": [
              {
                "enabled": false,
                "mfa_delete": false
              }
            ],
            "website": [],
            "website_domain": null,
            "website_endpoint": null
          },
          "sensitive_attributes": [],
          "identity_schema_version": 0,
          "identity": {
            "account_id": "597106394031",
            "bucket": "playground-terraform-state-597106394031-us-east-1",
            "region": "us-east-1"
          },
          "private": "eyJlMmJmYjczMC1lY2FhLTExZTYtOGY4OC0zNDM2M2JjN2M0YzAiOnsiY3JlYXRlIjoxMjAwMDAwMDAwMDAwLCJkZWxldGUiOjM2MDAwMDAwMDAwMDAsInJlYWQiOjEyMDAwMDAwMDAwMDAsInVwZGF0ZSI6MTIwMDAwMDAwMDAwMH19",
          "dependencies": [
            "module.terraform_bootstrap.data.aws_caller_identity.current"
          ]
        }
      ]
    },
    {
      "module": "module.terraform_bootstrap",
      "mode": "managed",
      "type": "aws_s3_bucket_acl",
      "name": "terraform_bucket_acl",
      "provider": "provider[\"registry.terraform.io/hashicorp/aws\"]",
      "instances": [
        {
          "schema_version": 0,
          "attributes": {
            "access_control_policy": [
              {
                "grant": [
                  {
                    "grantee": [
                      {
                        "display_name": "",
                        "email_address": "",
                        "id": "0f5eaa4087e261be3abe9781fdcac543c525436ec9e9dff74fa99a66c61b8a0a",
                        "type": "CanonicalUser",
                        "uri": ""
                      }
                    ],
                    "permission": "FULL_CONTROL"
                  }
                ],
                "owner": [
                  {
                    "display_name": "",
                    "id": "0f5eaa4087e261be3abe9781fdcac543c525436ec9e9dff74fa99a66c61b8a0a"
                  }
                ]
              }
            ],
            "acl": "private",
            "bucket": "playground-terraform-state-597106394031-us-east-1",
            "expected_bucket_owner": "",
            "id": "playground-terraform-state-597106394031-us-east-1,private",
            "region": "us-east-1"
          },
          "sensitive_attributes": [],
          "identity_schema_version": 0,
          "identity": {
            "account_id": "597106394031",
            "acl": "private",
            "bucket": "playground-terraform-state-597106394031-us-east-1",
            "expected_bucket_owner": null,
            "region": "us-east-1"
          },
          "private": "bnVsbA==",
          "dependencies": [
            "module.terraform_bootstrap.aws_s3_bucket.terraform_bucket",
            "module.terraform_bootstrap.aws_s3_bucket_ownership_controls.bucket_owner_preferred",
            "module.terraform_bootstrap.data.aws_caller_identity.current"
          ]
        }
      ]
    },
    {
      "module": "module.terraform_bootstrap",
      "mode": "managed",
      "type": "aws_s3_bucket_lifecycle_configuration",
      "name": "terraform_bucket_lifecycle",
      "provider": "provider[\"registry.terraform.io/hashicorp/aws\"]",
      "instances": [
        {
          "schema_version": 1,
          "attributes": {
            "bucket": "playground-terraform-state-597106394031-us-east-1",
            "expected_bucket_owner": "",
            "id": "playground-terraform-state-597106394031-us-east-1",
            "region": "us-east-1",
            "rule": [
              {
                "abort_incomplete_multipart_upload": [],
                "expiration": [],
                "filter": [
                  {
                    "and": [],
                    "object_size_greater_than": null,
                    "object_size_less_than": null,
                    "prefix": "tfstate/",
                    "tag": []
                  }
                ],
                "id": "cleanNonCurrentTFState",
                "noncurrent_version_expiration": [
                  {
                    "newer_noncurrent_versions": null,
                    "noncurrent_days": 90
                  }
                ],
                "noncurrent_version_transition": [],
                "prefix": "",
                "status": "Enabled",
                "transition": []
              }
            ],
            "timeouts": null,
            "transition_default_minimum_object_size": "all_storage_classes_128K"
          },
          "sensitive_attributes": [],
          "identity_schema_version": 0,
          "dependencies": [
            "module.terraform_bootstrap.aws_s3_bucket.terraform_bucket",
            "module.terraform_bootstrap.data.aws_caller_identity.current"
          ]
        }
      ]
    },
    {
      "module": "module.terraform_bootstrap",
      "mode": "managed",
      "type": "aws_s3_bucket_ownership_controls",
      "name": "bucket_owner_preferred",
      "provider": "provider[\"registry.terraform.io/hashicorp/aws\"]",
      "instances": [
        {
          "schema_version": 0,
          "attributes": {
            "bucket": "playground-terraform-state-597106394031-us-east-1",
            "id": "playground-terraform-state-597106394031-us-east-1",
            "region": "us-east-1",
            "rule": [
              {
                "object_ownership": "BucketOwnerPreferred"
              }
            ]
          },
          "sensitive_attributes": [],
          "identity_schema_version": 0,
          "identity": {
            "account_id": "597106394031",
            "bucket": "playground-terraform-state-597106394031-us-east-1",
            "region": "us-east-1"
          },
          "private": "bnVsbA==",
          "dependencies": [
            "module.terraform_bootstrap.aws_s3_bucket.terraform_bucket",
            "module.terraform_bootstrap.data.aws_caller_identity.current"
          ]
        }
      ]
    },
    {
      "module": "module.terraform_bootstrap",
      "mode": "managed",
      "type": "aws_s3_bucket_public_access_block",
      "name": "block",
      "provider": "provider[\"registry.terraform.io/hashicorp/aws\"]",
      "instances": [
        {
          "schema_version": 0,
          "attributes": {
            "block_public_acls": true,
            "block_public_policy": true,
            "bucket": "playground-terraform-state-597106394031-us-east-1",
            "id": "playground-terraform-state-597106394031-us-east-1",
            "ignore_public_acls": true,
            "region": "us-east-1",
            "restrict_public_buckets": true,
            "skip_destroy": null
          },
          "sensitive_attributes": [],
          "identity_schema_version": 0,
          "identity": {
            "account_id": "597106394031",
            "bucket": "playground-terraform-state-597106394031-us-east-1",
            "region": "us-east-1"
          },
          "private": "bnVsbA==",
          "dependencies": [
            "module.terraform_bootstrap.aws_s3_bucket.terraform_bucket",
            "module.terraform_bootstrap.data.aws_caller_identity.current"
          ]
        }
      ]
    },
    {
      "module": "module.terraform_bootstrap",
      "mode": "managed",
      "type": "aws_s3_bucket_versioning",
      "name": "terraform_bucket_versioning",
      "provider": "provider[\"registry.terraform.io/hashicorp/aws\"]",
      "instances": [
        {
          "schema_version": 0,
          "attributes": {
            "bucket": "playground-terraform-state-597106394031-us-east-1",
            "expected_bucket_owner": "",
            "id": "playground-terraform-state-597106394031-us-east-1",
            "mfa": null,
            "region": "us-east-1",
            "versioning_configuration": [
              {
                "mfa_delete": "",
                "status": "Enabled"
              }
            ]
          },
          "sensitive_attributes": [],
          "identity_schema_version": 0,
          "identity": {
            "account_id": "597106394031",
            "bucket": "playground-terraform-state-597106394031-us-east-1",
            "expected_bucket_owner": null,
            "region": "us-east-1"
          },
          "private": "bnVsbA==",
          "dependencies": [
            "module.terraform_bootstrap.aws_s3_bucket.terraform_bucket",
            "module.terraform_bootstrap.data.aws_caller_identity.current"
          ]
        }
      ]
    }
  ],
  "check_results": null
}
